
Microsoft Visual Studio Solution File, Format Version 12.00
# Visual Studio 15
VisualStudioVersion = 15.0.27428.2037
MinimumVisualStudioVersion = 10.0.40219.1
Project("{2150E333-8FDC-42A3-9474-1A3956D46DE8}") = "src", "src", "{2C543558-D48A-4446-8355-78287237F227}"
EndProject
Project("{2150E333-8FDC-42A3-9474-1A3956D46DE8}") = "Services", "Services", "{B7E86CC7-5B14-4F4C-B5DA-97C9FB90E259}"
EndProject
Project("{2150E333-8FDC-42A3-9474-1A3956D46DE8}") = "BuildingBlocks", "BuildingBlocks", "{C2207D9F-8000-42DF-99FC-98081C13A015}"
EndProject
Project("{2150E333-8FDC-42A3-9474-1A3956D46DE8}") = "EventBus", "EventBus", "{F880B55A-2C50-4EE3-8F1B-C395F5F50A61}"
EndProject
Project("{2150E333-8FDC-42A3-9474-1A3956D46DE8}") = "WebHost", "WebHost", "{3504D2A5-FF02-481E-B505-A3B55610CCC6}"
EndProject
Project("{2150E333-8FDC-42A3-9474-1A3956D46DE8}") = "Utils", "Utils", "{FA60E9A6-E5BE-4A71-B33B-30546D80532A}"
EndProject
Project("{9A19103F-16F7-4668-BE54-9A1E7A4F7556}") = "EventBus", "src\BuildingBlocks\EventBus\EventBus\EventBus.csproj", "{7B45728D-0E5C-409D-9A5D-4638E5500C47}"
EndProject
Project("{9A19103F-16F7-4668-BE54-9A1E7A4F7556}") = "EventBusRabbitMQ", "src\BuildingBlocks\EventBus\EventBusRabbitMQ\EventBusRabbitMQ.csproj", "{50BE9519-08D0-4DBD-96F8-DDCC6B60D79C}"
EndProject
Project("{9A19103F-16F7-4668-BE54-9A1E7A4F7556}") = "IntegrationEventLogEF", "src\BuildingBlocks\EventBus\IntegrationEventLogEF\IntegrationEventLogEF.csproj", "{3BFD3E45-EA61-4A8F-9D80-BD1CFD643D8E}"
EndProject
Project("{2150E333-8FDC-42A3-9474-1A3956D46DE8}") = "WebHost.Customization", "WebHost.Customization", "{3730B98A-EBC8-4BAC-8C22-960866FB8D11}"
EndProject
Project("{9A19103F-16F7-4668-BE54-9A1E7A4F7556}") = "WebHost.Customization", "src\BuildingBlocks\WebHostCustomization\WebHost.Customization\WebHost.Customization.csproj", "{2A23D859-8D55-4F21-B61A-1962F2EB323D}"
EndProject
Project("{9A19103F-16F7-4668-BE54-9A1E7A4F7556}") = "Utils", "src\BuildingBlocks\Utils\Utils\Utils.csproj", "{1372E133-68EC-4B6F-84CA-072831E6F4E6}"
EndProject
Project("{2150E333-8FDC-42A3-9474-1A3956D46DE8}") = "Voucher.API", "Voucher.API", "{170A6672-8F2E-4064-A79F-2112264CE985}"
EndProject
Project("{9A19103F-16F7-4668-BE54-9A1E7A4F7556}") = "Voucher.API", "src\Services\Voucher.API\Voucher.API.csproj", "{90AAC434-3424-4AB4-BBC0-B59E0F4BDDDE}"
EndProject
Project("{2150E333-8FDC-42A3-9474-1A3956D46DE8}") = "Lounge.API", "Lounge.API", "{CF3282D6-2CBB-434C-8DE3-18104612A0AD}"
EndProject
Project("{9A19103F-16F7-4668-BE54-9A1E7A4F7556}") = "Lounge.API", "src\Services\Lounge.API\Lounge.API.csproj", "{D23F662F-FE5D-4B32-83F2-57C2DBFA0A92}"
EndProject
Project("{2150E333-8FDC-42A3-9474-1A3956D46DE8}") = "Promotion.API", "Promotion.API", "{C5A26A9B-9C0F-41E1-86E7-C769D8D6C4CD}"
EndProject
Project("{9A19103F-16F7-4668-BE54-9A1E7A4F7556}") = "Promotion.API", "src\Services\Promotion.API\Promotion.API.csproj", "{F1955506-E05B-46D9-94FE-5F566936B976}"
EndProject
Project("{9A19103F-16F7-4668-BE54-9A1E7A4F7556}") = "Lounge.Jobs", "src\Services\Lounge.Jobs\Lounge.Jobs.csproj", "{EB46EA68-3699-41F3-907C-9549467FB8F5}"
EndProject
Project("{E53339B2-1760-4266-BCC7-CA923CBCF16C}") = "docker-compose", "docker-compose.dcproj", "{94DD5745-B0C6-4A83-8061-B5552ED441EC}"
EndProject
Global
	GlobalSection(SolutionConfigurationPlatforms) = preSolution
		Debug|Any CPU = Debug|Any CPU
		Release|Any CPU = Release|Any CPU
	EndGlobalSection
	GlobalSection(ProjectConfigurationPlatforms) = postSolution
		{7B45728D-0E5C-409D-9A5D-4638E5500C47}.Debug|Any CPU.ActiveCfg = Debug|Any CPU
		{7B45728D-0E5C-409D-9A5D-4638E5500C47}.Debug|Any CPU.Build.0 = Debug|Any CPU
		{7B45728D-0E5C-409D-9A5D-4638E5500C47}.Release|Any CPU.ActiveCfg = Release|Any CPU
		{7B45728D-0E5C-409D-9A5D-4638E5500C47}.Release|Any CPU.Build.0 = Release|Any CPU
		{50BE9519-08D0-4DBD-96F8-DDCC6B60D79C}.Debug|Any CPU.ActiveCfg = Debug|Any CPU
		{50BE9519-08D0-4DBD-96F8-DDCC6B60D79C}.Debug|Any CPU.Build.0 = Debug|Any CPU
		{50BE9519-08D0-4DBD-96F8-DDCC6B60D79C}.Release|Any CPU.ActiveCfg = Release|Any CPU
		{50BE9519-08D0-4DBD-96F8-DDCC6B60D79C}.Release|Any CPU.Build.0 = Release|Any CPU
		{3BFD3E45-EA61-4A8F-9D80-BD1CFD643D8E}.Debug|Any CPU.ActiveCfg = Debug|Any CPU
		{3BFD3E45-EA61-4A8F-9D80-BD1CFD643D8E}.Debug|Any CPU.Build.0 = Debug|Any CPU
		{3BFD3E45-EA61-4A8F-9D80-BD1CFD643D8E}.Release|Any CPU.ActiveCfg = Release|Any CPU
		{3BFD3E45-EA61-4A8F-9D80-BD1CFD643D8E}.Release|Any CPU.Build.0 = Release|Any CPU
		{2A23D859-8D55-4F21-B61A-1962F2EB323D}.Debug|Any CPU.ActiveCfg = Debug|Any CPU
		{2A23D859-8D55-4F21-B61A-1962F2EB323D}.Debug|Any CPU.Build.0 = Debug|Any CPU
		{2A23D859-8D55-4F21-B61A-1962F2EB323D}.Release|Any CPU.ActiveCfg = Release|Any CPU
		{2A23D859-8D55-4F21-B61A-1962F2EB323D}.Release|Any CPU.Build.0 = Release|Any CPU
		{1372E133-68EC-4B6F-84CA-072831E6F4E6}.Debug|Any CPU.ActiveCfg = Debug|Any CPU
		{1372E133-68EC-4B6F-84CA-072831E6F4E6}.Debug|Any CPU.Build.0 = Debug|Any CPU
		{1372E133-68EC-4B6F-84CA-072831E6F4E6}.Release|Any CPU.ActiveCfg = Release|Any CPU
		{1372E133-68EC-4B6F-84CA-072831E6F4E6}.Release|Any CPU.Build.0 = Release|Any CPU
		{90AAC434-3424-4AB4-BBC0-B59E0F4BDDDE}.Debug|Any CPU.ActiveCfg = Debug|Any CPU
		{90AAC434-3424-4AB4-BBC0-B59E0F4BDDDE}.Debug|Any CPU.Build.0 = Debug|Any CPU
		{90AAC434-3424-4AB4-BBC0-B59E0F4BDDDE}.Release|Any CPU.ActiveCfg = Release|Any CPU
		{90AAC434-3424-4AB4-BBC0-B59E0F4BDDDE}.Release|Any CPU.Build.0 = Release|Any CPU
		{D23F662F-FE5D-4B32-83F2-57C2DBFA0A92}.Debug|Any CPU.ActiveCfg = Debug|Any CPU
		{D23F662F-FE5D-4B32-83F2-57C2DBFA0A92}.Debug|Any CPU.Build.0 = Debug|Any CPU
		{D23F662F-FE5D-4B32-83F2-57C2DBFA0A92}.Release|Any CPU.ActiveCfg = Release|Any CPU
		{D23F662F-FE5D-4B32-83F2-57C2DBFA0A92}.Release|Any CPU.Build.0 = Release|Any CPU
		{F1955506-E05B-46D9-94FE-5F566936B976}.Debug|Any CPU.ActiveCfg = Debug|Any CPU
		{F1955506-E05B-46D9-94FE-5F566936B976}.Debug|Any CPU.Build.0 = Debug|Any CPU
		{F1955506-E05B-46D9-94FE-5F566936B976}.Release|Any CPU.ActiveCfg = Release|Any CPU
		{F1955506-E05B-46D9-94FE-5F566936B976}.Release|Any CPU.Build.0 = Release|Any CPU
		{EB46EA68-3699-41F3-907C-9549467FB8F5}.Debug|Any CPU.ActiveCfg = Debug|Any CPU
		{EB46EA68-3699-41F3-907C-9549467FB8F5}.Debug|Any CPU.Build.0 = Debug|Any CPU
		{EB46EA68-3699-41F3-907C-9549467FB8F5}.Release|Any CPU.ActiveCfg = Release|Any CPU
		{EB46EA68-3699-41F3-907C-9549467FB8F5}.Release|Any CPU.Build.0 = Release|Any CPU
		{94DD5745-B0C6-4A83-8061-B5552ED441EC}.Debug|Any CPU.ActiveCfg = Debug|Any CPU
		{94DD5745-B0C6-4A83-8061-B5552ED441EC}.Debug|Any CPU.Build.0 = Debug|Any CPU
		{94DD5745-B0C6-4A83-8061-B5552ED441EC}.Release|Any CPU.ActiveCfg = Release|Any CPU
		{94DD5745-B0C6-4A83-8061-B5552ED441EC}.Release|Any CPU.Build.0 = Release|Any CPU
	EndGlobalSection
	GlobalSection(SolutionProperties) = preSolution
		HideSolutionNode = FALSE
	EndGlobalSection
	GlobalSection(NestedProjects) = preSolution
		{B7E86CC7-5B14-4F4C-B5DA-97C9FB90E259} = {2C543558-D48A-4446-8355-78287237F227}
		{C2207D9F-8000-42DF-99FC-98081C13A015} = {2C543558-D48A-4446-8355-78287237F227}
		{F880B55A-2C50-4EE3-8F1B-C395F5F50A61} = {C2207D9F-8000-42DF-99FC-98081C13A015}
		{3504D2A5-FF02-481E-B505-A3B55610CCC6} = {C2207D9F-8000-42DF-99FC-98081C13A015}
		{FA60E9A6-E5BE-4A71-B33B-30546D80532A} = {C2207D9F-8000-42DF-99FC-98081C13A015}
		{7B45728D-0E5C-409D-9A5D-4638E5500C47} = {F880B55A-2C50-4EE3-8F1B-C395F5F50A61}
		{50BE9519-08D0-4DBD-96F8-DDCC6B60D79C} = {F880B55A-2C50-4EE3-8F1B-C395F5F50A61}
		{3BFD3E45-EA61-4A8F-9D80-BD1CFD643D8E} = {F880B55A-2C50-4EE3-8F1B-C395F5F50A61}
		{3730B98A-EBC8-4BAC-8C22-960866FB8D11} = {3504D2A5-FF02-481E-B505-A3B55610CCC6}
		{2A23D859-8D55-4F21-B61A-1962F2EB323D} = {3730B98A-EBC8-4BAC-8C22-960866FB8D11}
		{1372E133-68EC-4B6F-84CA-072831E6F4E6} = {FA60E9A6-E5BE-4A71-B33B-30546D80532A}
		{170A6672-8F2E-4064-A79F-2112264CE985} = {B7E86CC7-5B14-4F4C-B5DA-97C9FB90E259}
		{90AAC434-3424-4AB4-BBC0-B59E0F4BDDDE} = {170A6672-8F2E-4064-A79F-2112264CE985}
		{CF3282D6-2CBB-434C-8DE3-18104612A0AD} = {B7E86CC7-5B14-4F4C-B5DA-97C9FB90E259}
		{D23F662F-FE5D-4B32-83F2-57C2DBFA0A92} = {CF3282D6-2CBB-434C-8DE3-18104612A0AD}
		{C5A26A9B-9C0F-41E1-86E7-C769D8D6C4CD} = {B7E86CC7-5B14-4F4C-B5DA-97C9FB90E259}
		{F1955506-E05B-46D9-94FE-5F566936B976} = {C5A26A9B-9C0F-41E1-86E7-C769D8D6C4CD}
		{EB46EA68-3699-41F3-907C-9549467FB8F5} = {CF3282D6-2CBB-434C-8DE3-18104612A0AD}
	EndGlobalSection
	GlobalSection(ExtensibilityGlobals) = postSolution
		SolutionGuid = {073F24A8-E7A2-4EE5-A705-24694D9383AF}
	EndGlobalSection
EndGlobal
